{
  "version": 4,
  "terraform_version": "0.12.26",
  "serial": 3,
  "lineage": "d786a7cd-a004-3d46-9167-af20df8ac8e8",
  "outputs": {},
  "resources": [
    {
      "mode": "managed",
      "type": "aws_subnet",
      "name": "BomGen-SubNetPub-A",
      "provider": "provider.aws",
      "instances": [
        {
          "schema_version": 1,
          "attributes": {
            "arn": "arn:aws:ec2:us-east-2:360288436262:subnet/subnet-0e650dba1fa6d859f",
            "assign_ipv6_address_on_creation": false,
            "availability_zone": "us-east-2b",
            "availability_zone_id": "use2-az2",
            "cidr_block": "172.16.0.0/28",
            "id": "subnet-0e650dba1fa6d859f",
            "ipv6_cidr_block": "",
            "ipv6_cidr_block_association_id": "",
            "map_public_ip_on_launch": false,
            "outpost_arn": "",
            "owner_id": "360288436262",
            "tags": {
              "Name": "BomGen-SubNetPub-A",
              "Project": "BoMGen"
            },
            "timeouts": null,
            "vpc_id": "vpc-00bcf13fdb282c67b"
          },
          "private": "eyJlMmJmYjczMC1lY2FhLTExZTYtOGY4OC0zNDM2M2JjN2M0YzAiOnsiY3JlYXRlIjo2MDAwMDAwMDAwMDAsImRlbGV0ZSI6MTIwMDAwMDAwMDAwMH0sInNjaGVtYV92ZXJzaW9uIjoiMSJ9",
          "dependencies": [
            "aws_vpc.BomGen-VPC"
          ]
        }
      ]
    },
    {
      "mode": "managed",
      "type": "aws_vpc",
      "name": "BomGen-VPC",
      "provider": "provider.aws",
      "instances": [
        {
          "schema_version": 1,
          "attributes": {
            "arn": "arn:aws:ec2:us-east-2:360288436262:vpc/vpc-00bcf13fdb282c67b",
            "assign_generated_ipv6_cidr_block": false,
            "cidr_block": "172.16.0.0/26",
            "default_network_acl_id": "acl-0f320b48ec10d47de",
            "default_route_table_id": "rtb-0e00ed5b6c0b67687",
            "default_security_group_id": "sg-07da865561d08d226",
            "dhcp_options_id": "dopt-daf848b1",
            "enable_classiclink": null,
            "enable_classiclink_dns_support": null,
            "enable_dns_hostnames": false,
            "enable_dns_support": true,
            "id": "vpc-00bcf13fdb282c67b",
            "instance_tenancy": "default",
            "ipv6_association_id": "",
            "ipv6_cidr_block": "",
            "main_route_table_id": "rtb-0e00ed5b6c0b67687",
            "owner_id": "360288436262",
            "tags": {
              "Name": "BomGen-VPC",
              "Project": "BoMGen"
            }
          },
          "private": "eyJzY2hlbWFfdmVyc2lvbiI6IjEifQ=="
        }
      ]
    }
  ]
}
